schema: '2.0'
stages:
  data_cleaning:
    cmd: python src/data/data_cleaning.py
    deps:
    - path: data/raw/swiggy.csv
      hash: md5
      md5: 55bd6cc42f2360b5de9569cf9cbd8342
      size: 7726618
    - path: src/data/data_cleaning.py
      hash: md5
      md5: 2162dc1c881b68da95f5cdc132108c3b
      size: 9521
    outs:
    - path: data/cleaned/swiggy_cleaned.csv
      hash: md5
      md5: 4918716e52fc57babdcd400dfb3c3f29
      size: 4508527
  data_preparation:
    cmd: python src/data/data_preparation.py
    deps:
    - path: data/cleaned/swiggy_cleaned.csv
      hash: md5
      md5: 4918716e52fc57babdcd400dfb3c3f29
      size: 4508527
    - path: src/data/data_preparation.py
      hash: md5
      md5: 46073c9715ca04260bd1df6354f2d867
      size: 3009
    params:
      params.yaml:
        Data_Preparation.random_state: 40
        Data_Preparation.test_size: 0.25
    outs:
    - path: data/interim/test.csv
      hash: md5
      md5: 39f3790ff3374c0380306dd3557442dd
      size: 1127247
    - path: data/interim/train.csv
      hash: md5
      md5: 31b9f191fb561916faeca3a526d29342
      size: 3378322
  data_preprocessing:
    cmd: python src/features/data_preprocessing.py
    deps:
    - path: data/interim/test.csv
      hash: md5
      md5: 39f3790ff3374c0380306dd3557442dd
      size: 1127247
    - path: data/interim/train.csv
      hash: md5
      md5: 31b9f191fb561916faeca3a526d29342
      size: 3378322
    - path: src/features/data_preprocessing.py
      hash: md5
      md5: dfe1a94e47c7ede3aae78134afc95c2f
      size: 6881
    outs:
    - path: data/processed/test_trans.csv
      hash: md5
      md5: eb0d5a645f674261ddb0adc48cc3e737
      size: 1361295
    - path: data/processed/train_trans.csv
      hash: md5
      md5: ae43dfde70f9d15b21c858dd1040a03e
      size: 4058739
    - path: models/preprocessor.joblib
      hash: md5
      md5: 56e42d0dfc8a13036478fbb96942abd2
      size: 7092
  train:
    cmd: python src/models/train.py
    deps:
    - path: data/processed/train_trans.csv
      hash: md5
      md5: ae43dfde70f9d15b21c858dd1040a03e
      size: 4058739
    - path: src/models/train.py
      hash: md5
      md5: 88876a62f91e6725af146205d662521c
      size: 4911
    params:
      params.yaml:
        Train.LightGBM:
          n_estimators: 154
          max_depth: 27
          learning_rate: 0.22234435854395157
          subsample: 0.7592213724048168
          min_child_weight: 20
          min_split_gain: 0.004604680609280751
          reg_lambda: 97.81002379097947
          n_jobs: -1
        Train.Random_Forest:
          n_estimators: 479
          criterion: squared_error
          max_depth: 17
          max_features: 1
          min_samples_split: 9
          min_samples_leaf: 2
          max_samples: 0.6603673526197066
          verbose: 1
          n_jobs: -1
    outs:
    - path: models/model.joblib
      hash: md5
      md5: bf07363a5255f1624a5a84714bcce865
      size: 149312024
    - path: models/power_transformer.joblib
      hash: md5
      md5: 2f3a6258d0810c5f78b675dac7d1c0d6
      size: 805
    - path: models/stacking_regressor.joblib
      hash: md5
      md5: ad4e182dedca6c3a01385df23eea25d0
      size: 149308090
  evaluation:
    cmd: python src/models/evaluation.py
    deps:
    - path: data/processed/test_trans.csv
      hash: md5
      md5: eb0d5a645f674261ddb0adc48cc3e737
      size: 1361295
    - path: data/processed/train_trans.csv
      hash: md5
      md5: ae43dfde70f9d15b21c858dd1040a03e
      size: 4058739
    - path: models/model.joblib
      hash: md5
      md5: bf07363a5255f1624a5a84714bcce865
      size: 149312024
    - path: src/models/evaluation.py
      hash: md5
      md5: 1543c0312ef7bb95f4b11d45c5346c5d
      size: 6003
    outs:
    - path: run_information.json
      hash: md5
      md5: c44d43b039a7e65fa2c959c1369b70e2
      size: 220
